
Microsoft Visual Studio Solution File, Format Version 12.00
# Visual Studio Version 17
VisualStudioVersion = 17.4.33103.184
MinimumVisualStudioVersion = 10.0.40219.1
Project("{FAE04EC0-301F-11D3-BF4B-00C04F79EFBC}") = "NewProjectTestFramework", "NewProjectTestFramework\NewProjectTestFramework.csproj", "{93E96E4A-269F-4100-B58E-087C52D31AD4}"
EndProject
Global
	GlobalSection(SolutionConfigurationPlatforms) = preSolution
		Debug|Any CPU = Debug|Any CPU
		Release|Any CPU = Release|Any CPU
	EndGlobalSection
	GlobalSection(ProjectConfigurationPlatforms) = postSolution
		{93E96E4A-269F-4100-B58E-087C52D31AD4}.Debug|Any CPU.ActiveCfg = Debug|Any CPU
		{93E96E4A-269F-4100-B58E-087C52D31AD4}.Debug|Any CPU.Build.0 = Debug|Any CPU
		{93E96E4A-269F-4100-B58E-087C52D31AD4}.Release|Any CPU.ActiveCfg = Release|Any CPU
		{93E96E4A-269F-4100-B58E-087C52D31AD4}.Release|Any CPU.Build.0 = Release|Any CPU
	EndGlobalSection
	GlobalSection(SolutionProperties) = preSolution
		HideSolutionNode = FALSE
	EndGlobalSection
	GlobalSection(ExtensibilityGlobals) = postSolution
		SolutionGuid = {5CE53749-A452-4FAE-82C9-055E294B90B7}
	EndGlobalSection
EndGlobal
